// !$*UTF8*$!
{
	archiveVersion = 1;
	classes = {
	};
	objectVersion = 51;
	objects = {

/* Begin PBXBuildFile section */
		D38B402E3E4B9FDBB38766BB /* Pods_OnlineGroceryStore.framework in Frameworks */ = {isa = PBXBuildFile; fileRef = C6627F544C84643FDC03726C /* Pods_OnlineGroceryStore.framework */; };
		EF51091B25E6E546007A459F /* LogInVC.swift in Sources */ = {isa = PBXBuildFile; fileRef = EF51091A25E6E546007A459F /* LogInVC.swift */; };
		EF51091E25E6E54E007A459F /* SignUpVC.swift in Sources */ = {isa = PBXBuildFile; fileRef = EF51091D25E6E54E007A459F /* SignUpVC.swift */; };
		EF51092225E6E8C9007A459F /* EntryVC.swift in Sources */ = {isa = PBXBuildFile; fileRef = EF51092125E6E8C9007A459F /* EntryVC.swift */; };
		EF526CEE25EAD060008C273C /* ProductsVCCollectionViewCell.swift in Sources */ = {isa = PBXBuildFile; fileRef = EF526CED25EAD060008C273C /* ProductsVCCollectionViewCell.swift */; };
		EF5ADC9E25E6E2400029A3B9 /* AppDelegate.swift in Sources */ = {isa = PBXBuildFile; fileRef = EF5ADC9D25E6E2400029A3B9 /* AppDelegate.swift */; };
		EF5ADCA025E6E2400029A3B9 /* SceneDelegate.swift in Sources */ = {isa = PBXBuildFile; fileRef = EF5ADC9F25E6E2400029A3B9 /* SceneDelegate.swift */; };
		EF5ADCA225E6E2400029A3B9 /* HomeVC.swift in Sources */ = {isa = PBXBuildFile; fileRef = EF5ADCA125E6E2400029A3B9 /* HomeVC.swift */; };
		EF5ADCA725E6E2400029A3B9 /* Assets.xcassets in Resources */ = {isa = PBXBuildFile; fileRef = EF5ADCA625E6E2400029A3B9 /* Assets.xcassets */; };
		EF5ADCAA25E6E2400029A3B9 /* LaunchScreen.storyboard in Resources */ = {isa = PBXBuildFile; fileRef = EF5ADCA825E6E2400029A3B9 /* LaunchScreen.storyboard */; };
		EF8A6F5225E91AB50029EB00 /* FavoritesView.swift in Sources */ = {isa = PBXBuildFile; fileRef = EF8A6F5125E91AB50029EB00 /* FavoritesView.swift */; };
		EF8A6F5825E921640029EB00 /* FavoritesCollectionViewCell.swift in Sources */ = {isa = PBXBuildFile; fileRef = EF8A6F5725E921640029EB00 /* FavoritesCollectionViewCell.swift */; };
		EF8A6F5B25E924B60029EB00 /* ProductLocal.swift in Sources */ = {isa = PBXBuildFile; fileRef = EF8A6F5A25E924B60029EB00 /* ProductLocal.swift */; };
		EF8A6F6125E92D860029EB00 /* CollectionLayouts.swift in Sources */ = {isa = PBXBuildFile; fileRef = EF8A6F6025E92D860029EB00 /* CollectionLayouts.swift */; };
		EF8A6F6425E931C80029EB00 /* SpecialOffersView.swift in Sources */ = {isa = PBXBuildFile; fileRef = EF8A6F6325E931C80029EB00 /* SpecialOffersView.swift */; };
		EF8A6F6725E9345D0029EB00 /* StoreImageLabelButton.swift in Sources */ = {isa = PBXBuildFile; fileRef = EF8A6F6625E9345D0029EB00 /* StoreImageLabelButton.swift */; };
		EF8A6F6B25E93E8C0029EB00 /* HomeTabBarController.swift in Sources */ = {isa = PBXBuildFile; fileRef = EF8A6F6A25E93E8C0029EB00 /* HomeTabBarController.swift */; };
		EF8A6F7225E93FA50029EB00 /* FavoritesVC.swift in Sources */ = {isa = PBXBuildFile; fileRef = EF8A6F7125E93FA50029EB00 /* FavoritesVC.swift */; };
		EF8A6F7D25E93FCF0029EB00 /* SearchVC.swift in Sources */ = {isa = PBXBuildFile; fileRef = EF8A6F7C25E93FCF0029EB00 /* SearchVC.swift */; };
		EF8A6F8025E93FD80029EB00 /* OrdersVC.swift in Sources */ = {isa = PBXBuildFile; fileRef = EF8A6F7F25E93FD80029EB00 /* OrdersVC.swift */; };
		EF8A6F8325E93FDF0029EB00 /* BasketVC.swift in Sources */ = {isa = PBXBuildFile; fileRef = EF8A6F8225E93FDF0029EB00 /* BasketVC.swift */; };
		EF8A6F8725E948D10029EB00 /* CategoriesVC.swift in Sources */ = {isa = PBXBuildFile; fileRef = EF8A6F8625E948D10029EB00 /* CategoriesVC.swift */; };
		EF8A6F8D25E94BFF0029EB00 /* BrowseByCategoryTableViewCell.swift in Sources */ = {isa = PBXBuildFile; fileRef = EF8A6F8C25E94BFF0029EB00 /* BrowseByCategoryTableViewCell.swift */; };
		EF8A6F9125E973E90029EB00 /* ProductsVC.swift in Sources */ = {isa = PBXBuildFile; fileRef = EF8A6F9025E973E90029EB00 /* ProductsVC.swift */; };
		EF8A6F9F25E980270029EB00 /* ProductDetailsVC.swift in Sources */ = {isa = PBXBuildFile; fileRef = EF8A6F9E25E980270029EB00 /* ProductDetailsVC.swift */; };
		EF8A6FA325E983630029EB00 /* GroceryTextView.swift in Sources */ = {isa = PBXBuildFile; fileRef = EF8A6FA225E983630029EB00 /* GroceryTextView.swift */; };
		EFA981FC25E7C820002EB81E /* Links.swift in Sources */ = {isa = PBXBuildFile; fileRef = EFA981FB25E7C820002EB81E /* Links.swift */; };
		EFA9820025E7C9CB002EB81E /* ShopImageView.swift in Sources */ = {isa = PBXBuildFile; fileRef = EFA981FF25E7C9CB002EB81E /* ShopImageView.swift */; };
		EFA9820325E7CA2C002EB81E /* Constants.swift in Sources */ = {isa = PBXBuildFile; fileRef = EFA9820225E7CA2C002EB81E /* Constants.swift */; };
		EFA9820625E7CBC7002EB81E /* UIViewController+Ext.swift in Sources */ = {isa = PBXBuildFile; fileRef = EFA9820525E7CBC7002EB81E /* UIViewController+Ext.swift */; };
		EFA9820B25E7CD76002EB81E /* EntryVCStackView.swift in Sources */ = {isa = PBXBuildFile; fileRef = EFA9820A25E7CD76002EB81E /* EntryVCStackView.swift */; };
		EFA9821125E7CF6E002EB81E /* StoreButton.swift in Sources */ = {isa = PBXBuildFile; fileRef = EFA9821025E7CF6E002EB81E /* StoreButton.swift */; };
		EFA9821625E7E93C002EB81E /* RegisterTextField.swift in Sources */ = {isa = PBXBuildFile; fileRef = EFA9821525E7E93C002EB81E /* RegisterTextField.swift */; };
		EFA9821C25E7F4E6002EB81E /* GoogleService-Info.plist in Resources */ = {isa = PBXBuildFile; fileRef = EFA9821B25E7F4E6002EB81E /* GoogleService-Info.plist */; };
		EFA9822F25E7FB43002EB81E /* HelpFunctions.swift in Sources */ = {isa = PBXBuildFile; fileRef = EFA9822E25E7FB43002EB81E /* HelpFunctions.swift */; };
		EFA9824725E81898002EB81E /* logOutVC.swift in Sources */ = {isa = PBXBuildFile; fileRef = EFA9824625E81898002EB81E /* logOutVC.swift */; };
		EFA9824B25E81DA2002EB81E /* StoreBoldLabel.swift in Sources */ = {isa = PBXBuildFile; fileRef = EFA9824A25E81DA2002EB81E /* StoreBoldLabel.swift */; };
		EFA9825025E823CE002EB81E /* UIView+Ext.swift in Sources */ = {isa = PBXBuildFile; fileRef = EFA9824F25E823CE002EB81E /* UIView+Ext.swift */; };
		EFA9825325E84C6D002EB81E /* UserLocal.swift in Sources */ = {isa = PBXBuildFile; fileRef = EFA9825225E84C6D002EB81E /* UserLocal.swift */; };
		EFB774BF25EBFED600BF4B74 /* FireManager.swift in Sources */ = {isa = PBXBuildFile; fileRef = EFB774BE25EBFED600BF4B74 /* FireManager.swift */; };
		EFB774F625ED3DC000BF4B74 /* StoreAlertVC.swift in Sources */ = {isa = PBXBuildFile; fileRef = EFB774F525ED3DC000BF4B74 /* StoreAlertVC.swift */; };
		EFB774F925ED3DED00BF4B74 /* AlertContainerView.swift in Sources */ = {isa = PBXBuildFile; fileRef = EFB774F825ED3DED00BF4B74 /* AlertContainerView.swift */; };
		EFE6707D25EE84B600FB16CD /* BasketVCTableViewCell.swift in Sources */ = {isa = PBXBuildFile; fileRef = EFE6707C25EE84B600FB16CD /* BasketVCTableViewCell.swift */; };
		EFE6708025EEAE3D00FB16CD /* Order.swift in Sources */ = {isa = PBXBuildFile; fileRef = EFE6707F25EEAE3D00FB16CD /* Order.swift */; };
		EFE6709F25EFEE6700FB16CD /* OrdersVCTableViewCell.swift in Sources */ = {isa = PBXBuildFile; fileRef = EFE6709E25EFEE6700FB16CD /* OrdersVCTableViewCell.swift */; };
		EFE670A525EFF10A00FB16CD /* LastOrderVC.swift in Sources */ = {isa = PBXBuildFile; fileRef = EFE670A425EFF10A00FB16CD /* LastOrderVC.swift */; };
		EFE670A925EFF51500FB16CD /* LastOrderVCCollectionViewCell.swift in Sources */ = {isa = PBXBuildFile; fileRef = EFE670A825EFF51500FB16CD /* LastOrderVCCollectionViewCell.swift */; };
/* End PBXBuildFile section */

/* Begin PBXFileReference section */
		B822BAB2AB5D82D11BB5E987 /* Pods-OnlineGroceryStore.debug.xcconfig */ = {isa = PBXFileReference; includeInIndex = 1; lastKnownFileType = text.xcconfig; name = "Pods-OnlineGroceryStore.debug.xcconfig"; path = "Target Support Files/Pods-OnlineGroceryStore/Pods-OnlineGroceryStore.debug.xcconfig"; sourceTree = "<group>"; };
		C076D3161D3B6E059276D0ED /* Pods-OnlineGroceryStore.release.xcconfig */ = {isa = PBXFileReference; includeInIndex = 1; lastKnownFileType = text.xcconfig; name = "Pods-OnlineGroceryStore.release.xcconfig"; path = "Target Support Files/Pods-OnlineGroceryStore/Pods-OnlineGroceryStore.release.xcconfig"; sourceTree = "<group>"; };
		C6627F544C84643FDC03726C /* Pods_OnlineGroceryStore.framework */ = {isa = PBXFileReference; explicitFileType = wrapper.framework; includeInIndex = 0; path = Pods_OnlineGroceryStore.framework; sourceTree = BUILT_PRODUCTS_DIR; };
		EF51091A25E6E546007A459F /* LogInVC.swift */ = {isa = PBXFileReference; lastKnownFileType = sourcecode.swift; path = LogInVC.swift; sourceTree = "<group>"; };
		EF51091D25E6E54E007A459F /* SignUpVC.swift */ = {isa = PBXFileReference; lastKnownFileType = sourcecode.swift; path = SignUpVC.swift; sourceTree = "<group>"; };
		EF51092125E6E8C9007A459F /* EntryVC.swift */ = {isa = PBXFileReference; lastKnownFileType = sourcecode.swift; path = EntryVC.swift; sourceTree = "<group>"; };
		EF526CED25EAD060008C273C /* ProductsVCCollectionViewCell.swift */ = {isa = PBXFileReference; lastKnownFileType = sourcecode.swift; path = ProductsVCCollectionViewCell.swift; sourceTree = "<group>"; };
		EF5ADC9A25E6E2400029A3B9 /* OnlineGroceryStore.app */ = {isa = PBXFileReference; explicitFileType = wrapper.application; includeInIndex = 0; path = OnlineGroceryStore.app; sourceTree = BUILT_PRODUCTS_DIR; };
		EF5ADC9D25E6E2400029A3B9 /* AppDelegate.swift */ = {isa = PBXFileReference; lastKnownFileType = sourcecode.swift; path = AppDelegate.swift; sourceTree = "<group>"; };
		EF5ADC9F25E6E2400029A3B9 /* SceneDelegate.swift */ = {isa = PBXFileReference; lastKnownFileType = sourcecode.swift; path = SceneDelegate.swift; sourceTree = "<group>"; };
		EF5ADCA125E6E2400029A3B9 /* HomeVC.swift */ = {isa = PBXFileReference; lastKnownFileType = sourcecode.swift; path = HomeVC.swift; sourceTree = "<group>"; };
		EF5ADCA625E6E2400029A3B9 /* Assets.xcassets */ = {isa = PBXFileReference; lastKnownFileType = folder.assetcatalog; path = Assets.xcassets; sourceTree = "<group>"; };
		EF5ADCA925E6E2400029A3B9 /* Base */ = {isa = PBXFileReference; lastKnownFileType = file.storyboard; name = Base; path = Base.lproj/LaunchScreen.storyboard; sourceTree = "<group>"; };
		EF5ADCAB25E6E2400029A3B9 /* Info.plist */ = {isa = PBXFileReference; lastKnownFileType = text.plist.xml; path = Info.plist; sourceTree = "<group>"; };
		EF8A6F5125E91AB50029EB00 /* FavoritesView.swift */ = {isa = PBXFileReference; lastKnownFileType = sourcecode.swift; path = FavoritesView.swift; sourceTree = "<group>"; };
		EF8A6F5725E921640029EB00 /* FavoritesCollectionViewCell.swift */ = {isa = PBXFileReference; lastKnownFileType = sourcecode.swift; path = FavoritesCollectionViewCell.swift; sourceTree = "<group>"; };
		EF8A6F5A25E924B60029EB00 /* ProductLocal.swift */ = {isa = PBXFileReference; lastKnownFileType = sourcecode.swift; path = ProductLocal.swift; sourceTree = "<group>"; };
		EF8A6F6025E92D860029EB00 /* CollectionLayouts.swift */ = {isa = PBXFileReference; lastKnownFileType = sourcecode.swift; path = CollectionLayouts.swift; sourceTree = "<group>"; };
		EF8A6F6325E931C80029EB00 /* SpecialOffersView.swift */ = {isa = PBXFileReference; lastKnownFileType = sourcecode.swift; path = SpecialOffersView.swift; sourceTree = "<group>"; };
		EF8A6F6625E9345D0029EB00 /* StoreImageLabelButton.swift */ = {isa = PBXFileReference; lastKnownFileType = sourcecode.swift; path = StoreImageLabelButton.swift; sourceTree = "<group>"; };
		EF8A6F6A25E93E8C0029EB00 /* HomeTabBarController.swift */ = {isa = PBXFileReference; lastKnownFileType = sourcecode.swift; path = HomeTabBarController.swift; sourceTree = "<group>"; };
		EF8A6F7125E93FA50029EB00 /* FavoritesVC.swift */ = {isa = PBXFileReference; lastKnownFileType = sourcecode.swift; path = FavoritesVC.swift; sourceTree = "<group>"; };
		EF8A6F7C25E93FCF0029EB00 /* SearchVC.swift */ = {isa = PBXFileReference; lastKnownFileType = sourcecode.swift; path = SearchVC.swift; sourceTree = "<group>"; };
		EF8A6F7F25E93FD80029EB00 /* OrdersVC.swift */ = {isa = PBXFileReference; lastKnownFileType = sourcecode.swift; path = OrdersVC.swift; sourceTree = "<group>"; };
		EF8A6F8225E93FDF0029EB00 /* BasketVC.swift */ = {isa = PBXFileReference; lastKnownFileType = sourcecode.swift; path = BasketVC.swift; sourceTree = "<group>"; };
		EF8A6F8625E948D10029EB00 /* CategoriesVC.swift */ = {isa = PBXFileReference; lastKnownFileType = sourcecode.swift; path = CategoriesVC.swift; sourceTree = "<group>"; };
		EF8A6F8C25E94BFF0029EB00 /* BrowseByCategoryTableViewCell.swift */ = {isa = PBXFileReference; lastKnownFileType = sourcecode.swift; path = BrowseByCategoryTableViewCell.swift; sourceTree = "<group>"; };
		EF8A6F9025E973E90029EB00 /* ProductsVC.swift */ = {isa = PBXFileReference; lastKnownFileType = sourcecode.swift; path = ProductsVC.swift; sourceTree = "<group>"; };
		EF8A6F9E25E980270029EB00 /* ProductDetailsVC.swift */ = {isa = PBXFileReference; lastKnownFileType = sourcecode.swift; path = ProductDetailsVC.swift; sourceTree = "<group>"; };
		EF8A6FA225E983630029EB00 /* GroceryTextView.swift */ = {isa = PBXFileReference; lastKnownFileType = sourcecode.swift; path = GroceryTextView.swift; sourceTree = "<group>"; };
		EFA981FB25E7C820002EB81E /* Links.swift */ = {isa = PBXFileReference; lastKnownFileType = sourcecode.swift; path = Links.swift; sourceTree = "<group>"; };
		EFA981FF25E7C9CB002EB81E /* ShopImageView.swift */ = {isa = PBXFileReference; lastKnownFileType = sourcecode.swift; path = ShopImageView.swift; sourceTree = "<group>"; };
		EFA9820225E7CA2C002EB81E /* Constants.swift */ = {isa = PBXFileReference; lastKnownFileType = sourcecode.swift; path = Constants.swift; sourceTree = "<group>"; };
		EFA9820525E7CBC7002EB81E /* UIViewController+Ext.swift */ = {isa = PBXFileReference; lastKnownFileType = sourcecode.swift; path = "UIViewController+Ext.swift"; sourceTree = "<group>"; };
		EFA9820A25E7CD76002EB81E /* EntryVCStackView.swift */ = {isa = PBXFileReference; lastKnownFileType = sourcecode.swift; path = EntryVCStackView.swift; sourceTree = "<group>"; };
		EFA9821025E7CF6E002EB81E /* StoreButton.swift */ = {isa = PBXFileReference; lastKnownFileType = sourcecode.swift; path = StoreButton.swift; sourceTree = "<group>"; };
		EFA9821525E7E93C002EB81E /* RegisterTextField.swift */ = {isa = PBXFileReference; lastKnownFileType = sourcecode.swift; path = RegisterTextField.swift; sourceTree = "<group>"; };
		EFA9821B25E7F4E6002EB81E /* GoogleService-Info.plist */ = {isa = PBXFileReference; fileEncoding = 4; lastKnownFileType = text.plist.xml; path = "GoogleService-Info.plist"; sourceTree = "<group>"; };
		EFA9822E25E7FB43002EB81E /* HelpFunctions.swift */ = {isa = PBXFileReference; lastKnownFileType = sourcecode.swift; path = HelpFunctions.swift; sourceTree = "<group>"; };
		EFA9824625E81898002EB81E /* logOutVC.swift */ = {isa = PBXFileReference; lastKnownFileType = sourcecode.swift; path = logOutVC.swift; sourceTree = "<group>"; };
		EFA9824A25E81DA2002EB81E /* StoreBoldLabel.swift */ = {isa = PBXFileReference; lastKnownFileType = sourcecode.swift; path = StoreBoldLabel.swift; sourceTree = "<group>"; };
		EFA9824F25E823CE002EB81E /* UIView+Ext.swift */ = {isa = PBXFileReference; lastKnownFileType = sourcecode.swift; path = "UIView+Ext.swift"; sourceTree = "<group>"; };
		EFA9825225E84C6D002EB81E /* UserLocal.swift */ = {isa = PBXFileReference; lastKnownFileType = sourcecode.swift; path = UserLocal.swift; sourceTree = "<group>"; };
		EFB774BE25EBFED600BF4B74 /* FireManager.swift */ = {isa = PBXFileReference; lastKnownFileType = sourcecode.swift; path = FireManager.swift; sourceTree = "<group>"; };
		EFB774F525ED3DC000BF4B74 /* StoreAlertVC.swift */ = {isa = PBXFileReference; lastKnownFileType = sourcecode.swift; path = StoreAlertVC.swift; sourceTree = "<group>"; };
		EFB774F825ED3DED00BF4B74 /* AlertContainerView.swift */ = {isa = PBXFileReference; lastKnownFileType = sourcecode.swift; path = AlertContainerView.swift; sourceTree = "<group>"; };
		EFE6707C25EE84B600FB16CD /* BasketVCTableViewCell.swift */ = {isa = PBXFileReference; lastKnownFileType = sourcecode.swift; path = BasketVCTableViewCell.swift; sourceTree = "<group>"; };
		EFE6707F25EEAE3D00FB16CD /* Order.swift */ = {isa = PBXFileReference; lastKnownFileType = sourcecode.swift; path = Order.swift; sourceTree = "<group>"; };
		EFE6709E25EFEE6700FB16CD /* OrdersVCTableViewCell.swift */ = {isa = PBXFileReference; lastKnownFileType = sourcecode.swift; path = OrdersVCTableViewCell.swift; sourceTree = "<group>"; };
		EFE670A425EFF10A00FB16CD /* LastOrderVC.swift */ = {isa = PBXFileReference; lastKnownFileType = sourcecode.swift; path = LastOrderVC.swift; sourceTree = "<group>"; };
		EFE670A825EFF51500FB16CD /* LastOrderVCCollectionViewCell.swift */ = {isa = PBXFileReference; lastKnownFileType = sourcecode.swift; path = LastOrderVCCollectionViewCell.swift; sourceTree = "<group>"; };
/* End PBXFileReference section */

/* Begin PBXFrameworksBuildPhase section */
		EF5ADC9725E6E2400029A3B9 /* Frameworks */ = {
			isa = PBXFrameworksBuildPhase;
			buildActionMask = 2147483647;
			files = (
				D38B402E3E4B9FDBB38766BB /* Pods_OnlineGroceryStore.framework in Frameworks */,
			);
			runOnlyForDeploymentPostprocessing = 0;
		};
/* End PBXFrameworksBuildPhase section */

/* Begin PBXGroup section */
		0A3472B3783383CA1F827FBC /* Frameworks */ = {
			isa = PBXGroup;
			children = (
				C6627F544C84643FDC03726C /* Pods_OnlineGroceryStore.framework */,
			);
			name = Frameworks;
			sourceTree = "<group>";
		};
		8240A4CD19ED8EBCA463018C /* Pods */ = {
			isa = PBXGroup;
			children = (
				B822BAB2AB5D82D11BB5E987 /* Pods-OnlineGroceryStore.debug.xcconfig */,
				C076D3161D3B6E059276D0ED /* Pods-OnlineGroceryStore.release.xcconfig */,
			);
			path = Pods;
			sourceTree = "<group>";
		};
		EF51091125E6E29B007A459F /* Screens */ = {
			isa = PBXGroup;
			children = (
				EF8A6F8525E948C00029EB00 /* ProductsListCollections */,
				EF8A6F6F25E93ED80029EB00 /* Main Screens */,
				EF8A6F6E25E93ED00029EB00 /* Login Screens */,
			);
			path = Screens;
			sourceTree = "<group>";
		};
		EF51091225E6E2A0007A459F /* Custom Views */ = {
			isa = PBXGroup;
			children = (
				EFB774F425ED3DAB00BF4B74 /* View Controller */,
				EF8A6FA125E9832D0029EB00 /* Text View */,
				EF8A6F6925E93E780029EB00 /* Tab Bar */,
				EF8A6F5625E921510029EB00 /* Cells */,
				EF8A6F4B25E917170029EB00 /* Views */,
				EFA9824925E81D97002EB81E /* Labels */,
				EFA9821425E7E930002EB81E /* Text Fields */,
				EFA9820F25E7CF56002EB81E /* Buttons */,
				EFA9820825E7CD68002EB81E /* Stack Views */,
				EFA981FE25E7C9B8002EB81E /* Image Views */,
			);
			path = "Custom Views";
			sourceTree = "<group>";
		};
		EF51091425E6E2B6007A459F /* Utilities */ = {
			isa = PBXGroup;
			children = (
				EF51091825E6E2EA007A459F /* UIHelper */,
				EF51091725E6E2CE007A459F /* Model */,
				EF51091625E6E2BF007A459F /* Manager */,
				EF51091525E6E2BA007A459F /* Extension */,
			);
			path = Utilities;
			sourceTree = "<group>";
		};
		EF51091525E6E2BA007A459F /* Extension */ = {
			isa = PBXGroup;
			children = (
				EFA9820525E7CBC7002EB81E /* UIViewController+Ext.swift */,
				EFA9824F25E823CE002EB81E /* UIView+Ext.swift */,
			);
			path = Extension;
			sourceTree = "<group>";
		};
		EF51091625E6E2BF007A459F /* Manager */ = {
			isa = PBXGroup;
			children = (
				EFB774BD25EBFEC900BF4B74 /* NetworkManager */,
			);
			path = Manager;
			sourceTree = "<group>";
		};
		EF51091725E6E2CE007A459F /* Model */ = {
			isa = PBXGroup;
			children = (
				EFA9825225E84C6D002EB81E /* UserLocal.swift */,
				EF8A6F5A25E924B60029EB00 /* ProductLocal.swift */,
				EFE6707F25EEAE3D00FB16CD /* Order.swift */,
			);
			path = Model;
			sourceTree = "<group>";
		};
		EF51091825E6E2EA007A459F /* UIHelper */ = {
			isa = PBXGroup;
			children = (
				EFA9820225E7CA2C002EB81E /* Constants.swift */,
				EFA9822E25E7FB43002EB81E /* HelpFunctions.swift */,
				EF8A6F6025E92D860029EB00 /* CollectionLayouts.swift */,
			);
			path = UIHelper;
			sourceTree = "<group>";
		};
		EF5ADC9125E6E2400029A3B9 = {
			isa = PBXGroup;
			children = (
				EF5ADC9C25E6E2400029A3B9 /* OnlineGroceryStore */,
				EF5ADC9B25E6E2400029A3B9 /* Products */,
				8240A4CD19ED8EBCA463018C /* Pods */,
				0A3472B3783383CA1F827FBC /* Frameworks */,
			);
			sourceTree = "<group>";
		};
		EF5ADC9B25E6E2400029A3B9 /* Products */ = {
			isa = PBXGroup;
			children = (
				EF5ADC9A25E6E2400029A3B9 /* OnlineGroceryStore.app */,
			);
			name = Products;
			sourceTree = "<group>";
		};
		EF5ADC9C25E6E2400029A3B9 /* OnlineGroceryStore */ = {
			isa = PBXGroup;
			children = (
				EF51091425E6E2B6007A459F /* Utilities */,
				EF51091225E6E2A0007A459F /* Custom Views */,
				EF51091125E6E29B007A459F /* Screens */,
				EF5ADCB225E6E2440029A3B9 /* Component */,
				EF5ADCAB25E6E2400029A3B9 /* Info.plist */,
				EFA981FB25E7C820002EB81E /* Links.swift */,
			);
			path = OnlineGroceryStore;
			sourceTree = "<group>";
		};
		EF5ADCB225E6E2440029A3B9 /* Component */ = {
			isa = PBXGroup;
			children = (
				EFA9821B25E7F4E6002EB81E /* GoogleService-Info.plist */,
				EF5ADCA625E6E2400029A3B9 /* Assets.xcassets */,
				EF5ADCA825E6E2400029A3B9 /* LaunchScreen.storyboard */,
				EF5ADC9F25E6E2400029A3B9 /* SceneDelegate.swift */,
				EF5ADC9D25E6E2400029A3B9 /* AppDelegate.swift */,
			);
			path = Component;
			sourceTree = "<group>";
		};
		EF8A6F4B25E917170029EB00 /* Views */ = {
			isa = PBXGroup;
			children = (
				EF8A6F5125E91AB50029EB00 /* FavoritesView.swift */,
				EF8A6F6325E931C80029EB00 /* SpecialOffersView.swift */,
				EFB774F825ED3DED00BF4B74 /* AlertContainerView.swift */,
			);
			path = Views;
			sourceTree = "<group>";
		};
		EF8A6F5625E921510029EB00 /* Cells */ = {
			isa = PBXGroup;
			children = (
				EF8A6F8B25E94BE60029EB00 /* TableView Cell */,
				EF8A6F8A25E94BDB0029EB00 /* CollectionView Cell */,
			);
			path = Cells;
			sourceTree = "<group>";
		};
		EF8A6F6925E93E780029EB00 /* Tab Bar */ = {
			isa = PBXGroup;
			children = (
				EF8A6F6A25E93E8C0029EB00 /* HomeTabBarController.swift */,
			);
			path = "Tab Bar";
			sourceTree = "<group>";
		};
		EF8A6F6E25E93ED00029EB00 /* Login Screens */ = {
			isa = PBXGroup;
			children = (
				EFA9824625E81898002EB81E /* logOutVC.swift */,
				EF51091D25E6E54E007A459F /* SignUpVC.swift */,
				EF51091A25E6E546007A459F /* LogInVC.swift */,
				EF51092125E6E8C9007A459F /* EntryVC.swift */,
			);
			path = "Login Screens";
			sourceTree = "<group>";
		};
		EF8A6F6F25E93ED80029EB00 /* Main Screens */ = {
			isa = PBXGroup;
			children = (
				EF5ADCA125E6E2400029A3B9 /* HomeVC.swift */,
				EF8A6F7125E93FA50029EB00 /* FavoritesVC.swift */,
				EF8A6F7C25E93FCF0029EB00 /* SearchVC.swift */,
				EFE670A325EFF0DC00FB16CD /* Orders VC */,
				EF8A6F8225E93FDF0029EB00 /* BasketVC.swift */,
			);
			path = "Main Screens";
			sourceTree = "<group>";
		};
		EF8A6F8525E948C00029EB00 /* ProductsListCollections */ = {
			isa = PBXGroup;
			children = (
				EF8A6F8625E948D10029EB00 /* CategoriesVC.swift */,
				EF8A6F9025E973E90029EB00 /* ProductsVC.swift */,
				EF8A6F9E25E980270029EB00 /* ProductDetailsVC.swift */,
			);
			path = ProductsListCollections;
			sourceTree = "<group>";
		};
		EF8A6F8A25E94BDB0029EB00 /* CollectionView Cell */ = {
			isa = PBXGroup;
			children = (
				EF8A6F5725E921640029EB00 /* FavoritesCollectionViewCell.swift */,
				EF526CED25EAD060008C273C /* ProductsVCCollectionViewCell.swift */,
				EFE670A825EFF51500FB16CD /* LastOrderVCCollectionViewCell.swift */,
			);
			path = "CollectionView Cell";
			sourceTree = "<group>";
		};
		EF8A6F8B25E94BE60029EB00 /* TableView Cell */ = {
			isa = PBXGroup;
			children = (
				EF8A6F8C25E94BFF0029EB00 /* BrowseByCategoryTableViewCell.swift */,
				EFE6707C25EE84B600FB16CD /* BasketVCTableViewCell.swift */,
				EFE6709E25EFEE6700FB16CD /* OrdersVCTableViewCell.swift */,
			);
			path = "TableView Cell";
			sourceTree = "<group>";
		};
		EF8A6FA125E9832D0029EB00 /* Text View */ = {
			isa = PBXGroup;
			children = (
				EF8A6FA225E983630029EB00 /* GroceryTextView.swift */,
			);
			path = "Text View";
			sourceTree = "<group>";
		};
		EFA981FE25E7C9B8002EB81E /* Image Views */ = {
			isa = PBXGroup;
			children = (
				EFA981FF25E7C9CB002EB81E /* ShopImageView.swift */,
			);
			path = "Image Views";
			sourceTree = "<group>";
		};
		EFA9820825E7CD68002EB81E /* Stack Views */ = {
			isa = PBXGroup;
			children = (
				EFA9820A25E7CD76002EB81E /* EntryVCStackView.swift */,
			);
			path = "Stack Views";
			sourceTree = "<group>";
		};
		EFA9820F25E7CF56002EB81E /* Buttons */ = {
			isa = PBXGroup;
			children = (
				EFA9821025E7CF6E002EB81E /* StoreButton.swift */,
				EF8A6F6625E9345D0029EB00 /* StoreImageLabelButton.swift */,
			);
			path = Buttons;
			sourceTree = "<group>";
		};
		EFA9821425E7E930002EB81E /* Text Fields */ = {
			isa = PBXGroup;
			children = (
				EFA9821525E7E93C002EB81E /* RegisterTextField.swift */,
			);
			path = "Text Fields";
			sourceTree = "<group>";
		};
		EFA9824925E81D97002EB81E /* Labels */ = {
			isa = PBXGroup;
			children = (
				EFA9824A25E81DA2002EB81E /* StoreBoldLabel.swift */,
			);
			path = Labels;
			sourceTree = "<group>";
		};
		EFB774BD25EBFEC900BF4B74 /* NetworkManager */ = {
			isa = PBXGroup;
			children = (
				EFB774BE25EBFED600BF4B74 /* FireManager.swift */,
			);
			path = NetworkManager;
			sourceTree = "<group>";
		};
		EFB774F425ED3DAB00BF4B74 /* View Controller */ = {
			isa = PBXGroup;
			children = (
				EFB774F525ED3DC000BF4B74 /* StoreAlertVC.swift */,
			);
			path = "View Controller";
			sourceTree = "<group>";
		};
		EFE670A325EFF0DC00FB16CD /* Orders VC */ = {
			isa = PBXGroup;
			children = (
				EF8A6F7F25E93FD80029EB00 /* OrdersVC.swift */,
				EFE670A425EFF10A00FB16CD /* LastOrderVC.swift */,
			);
			path = "Orders VC";
			sourceTree = "<group>";
		};
/* End PBXGroup section */

/* Begin PBXNativeTarget section */
		EF5ADC9925E6E2400029A3B9 /* OnlineGroceryStore */ = {
			isa = PBXNativeTarget;
			buildConfigurationList = EF5ADCAE25E6E2400029A3B9 /* Build configuration list for PBXNativeTarget "OnlineGroceryStore" */;
			buildPhases = (
				FFB7B5B7E9308B8F8ABA5026 /* [CP] Check Pods Manifest.lock */,
				EF5ADC9625E6E2400029A3B9 /* Sources */,
				EF5ADC9725E6E2400029A3B9 /* Frameworks */,
				EF5ADC9825E6E2400029A3B9 /* Resources */,
				4E959A5E675018FFA0CD34E4 /* [CP] Embed Pods Frameworks */,
			);
			buildRules = (
			);
			dependencies = (
			);
			name = OnlineGroceryStore;
			productName = OnlineGroceryStore;
			productReference = EF5ADC9A25E6E2400029A3B9 /* OnlineGroceryStore.app */;
			productType = "com.apple.product-type.application";
		};
/* End PBXNativeTarget section */

/* Begin PBXProject section */
		EF5ADC9225E6E2400029A3B9 /* Project object */ = {
			isa = PBXProject;
			attributes = {
				LastSwiftUpdateCheck = 1240;
				LastUpgradeCheck = 1240;
				TargetAttributes = {
					EF5ADC9925E6E2400029A3B9 = {
						CreatedOnToolsVersion = 12.4;
					};
				};
			};
			buildConfigurationList = EF5ADC9525E6E2400029A3B9 /* Build configuration list for PBXProject "OnlineGroceryStore" */;
			compatibilityVersion = "Xcode 9.3";
			developmentRegion = en;
			hasScannedForEncodings = 0;
			knownRegions = (
				en,
				Base,
			);
			mainGroup = EF5ADC9125E6E2400029A3B9;
			productRefGroup = EF5ADC9B25E6E2400029A3B9 /* Products */;
			projectDirPath = "";
			projectRoot = "";
			targets = (
				EF5ADC9925E6E2400029A3B9 /* OnlineGroceryStore */,
			);
		};
/* End PBXProject section */

/* Begin PBXResourcesBuildPhase section */
		EF5ADC9825E6E2400029A3B9 /* Resources */ = {
			isa = PBXResourcesBuildPhase;
			buildActionMask = 2147483647;
			files = (
				EF5ADCAA25E6E2400029A3B9 /* LaunchScreen.storyboard in Resources */,
				EF5ADCA725E6E2400029A3B9 /* Assets.xcassets in Resources */,
				EFA9821C25E7F4E6002EB81E /* GoogleService-Info.plist in Resources */,
			);
			runOnlyForDeploymentPostprocessing = 0;
		};
/* End PBXResourcesBuildPhase section */

/* Begin PBXShellScriptBuildPhase section */
		4E959A5E675018FFA0CD34E4 /* [CP] Embed Pods Frameworks */ = {
			isa = PBXShellScriptBuildPhase;
			buildActionMask = 2147483647;
			files = (
			);
			inputFileListPaths = (
				"${PODS_ROOT}/Target Support Files/Pods-OnlineGroceryStore/Pods-OnlineGroceryStore-frameworks-${CONFIGURATION}-input-files.xcfilelist",
			);
			name = "[CP] Embed Pods Frameworks";
			outputFileListPaths = (
				"${PODS_ROOT}/Target Support Files/Pods-OnlineGroceryStore/Pods-OnlineGroceryStore-frameworks-${CONFIGURATION}-output-files.xcfilelist",
			);
			runOnlyForDeploymentPostprocessing = 0;
			shellPath = /bin/sh;
			shellScript = "\"${PODS_ROOT}/Target Support Files/Pods-OnlineGroceryStore/Pods-OnlineGroceryStore-frameworks.sh\"\n";
			showEnvVarsInLog = 0;
		};
		FFB7B5B7E9308B8F8ABA5026 /* [CP] Check Pods Manifest.lock */ = {
			isa = PBXShellScriptBuildPhase;
			buildActionMask = 2147483647;
			files = (
			);
			inputFileListPaths = (
			);
			inputPaths = (
				"${PODS_PODFILE_DIR_PATH}/Podfile.lock",
				"${PODS_ROOT}/Manifest.lock",
			);
			name = "[CP] Check Pods Manifest.lock";
			outputFileListPaths = (
			);
			outputPaths = (
				"$(DERIVED_FILE_DIR)/Pods-OnlineGroceryStore-checkManifestLockResult.txt",
			);
			runOnlyForDeploymentPostprocessing = 0;
			shellPath = /bin/sh;
			shellScript = "diff \"${PODS_PODFILE_DIR_PATH}/Podfile.lock\" \"${PODS_ROOT}/Manifest.lock\" > /dev/null\nif [ $? != 0 ] ; then\n    # print error to STDERR\n    echo \"error: The sandbox is not in sync with the Podfile.lock. Run 'pod install' or update your CocoaPods installation.\" >&2\n    exit 1\nfi\n# This output is used by Xcode 'outputs' to avoid re-running this script phase.\necho \"SUCCESS\" > \"${SCRIPT_OUTPUT_FILE_0}\"\n";
			showEnvVarsInLog = 0;
		};
/* End PBXShellScriptBuildPhase section */

/* Begin PBXSourcesBuildPhase section */
		EF5ADC9625E6E2400029A3B9 /* Sources */ = {
			isa = PBXSourcesBuildPhase;
			buildActionMask = 2147483647;
			files = (
				EFB774BF25EBFED600BF4B74 /* FireManager.swift in Sources */,
				EFE670A925EFF51500FB16CD /* LastOrderVCCollectionViewCell.swift in Sources */,
				EFA9825025E823CE002EB81E /* UIView+Ext.swift in Sources */,
				EFE6708025EEAE3D00FB16CD /* Order.swift in Sources */,
				EFA9821625E7E93C002EB81E /* RegisterTextField.swift in Sources */,
				EF5ADCA225E6E2400029A3B9 /* HomeVC.swift in Sources */,
				EF8A6FA325E983630029EB00 /* GroceryTextView.swift in Sources */,
				EF8A6F8D25E94BFF0029EB00 /* BrowseByCategoryTableViewCell.swift in Sources */,
				EF8A6F7D25E93FCF0029EB00 /* SearchVC.swift in Sources */,
				EF526CEE25EAD060008C273C /* ProductsVCCollectionViewCell.swift in Sources */,
				EF8A6F6425E931C80029EB00 /* SpecialOffersView.swift in Sources */,
				EFE6707D25EE84B600FB16CD /* BasketVCTableViewCell.swift in Sources */,
				EF8A6F6B25E93E8C0029EB00 /* HomeTabBarController.swift in Sources */,
				EF5ADC9E25E6E2400029A3B9 /* AppDelegate.swift in Sources */,
				EF8A6F9F25E980270029EB00 /* ProductDetailsVC.swift in Sources */,
				EFA9820625E7CBC7002EB81E /* UIViewController+Ext.swift in Sources */,
				EF8A6F5B25E924B60029EB00 /* ProductLocal.swift in Sources */,
				EF8A6F8725E948D10029EB00 /* CategoriesVC.swift in Sources */,
				EFE670A525EFF10A00FB16CD /* LastOrderVC.swift in Sources */,
				EF51091B25E6E546007A459F /* LogInVC.swift in Sources */,
				EF51092225E6E8C9007A459F /* EntryVC.swift in Sources */,
				EFB774F925ED3DED00BF4B74 /* AlertContainerView.swift in Sources */,
				EF8A6F6125E92D860029EB00 /* CollectionLayouts.swift in Sources */,
				EFA9822F25E7FB43002EB81E /* HelpFunctions.swift in Sources */,
				EF8A6F5225E91AB50029EB00 /* FavoritesView.swift in Sources */,
				EFA9821125E7CF6E002EB81E /* StoreButton.swift in Sources */,
				EFA981FC25E7C820002EB81E /* Links.swift in Sources */,
				EF51091E25E6E54E007A459F /* SignUpVC.swift in Sources */,
				EFA9820B25E7CD76002EB81E /* EntryVCStackView.swift in Sources */,
				EFA9824725E81898002EB81E /* logOutVC.swift in Sources */,
				EF8A6F7225E93FA50029EB00 /* FavoritesVC.swift in Sources */,
				EF8A6F5825E921640029EB00 /* FavoritesCollectionViewCell.swift in Sources */,
				EF8A6F6725E9345D0029EB00 /* StoreImageLabelButton.swift in Sources */,
				EFA9820025E7C9CB002EB81E /* ShopImageView.swift in Sources */,
				EFA9825325E84C6D002EB81E /* UserLocal.swift in Sources */,
				EF5ADCA025E6E2400029A3B9 /* SceneDelegate.swift in Sources */,
				EF8A6F8025E93FD80029EB00 /* OrdersVC.swift in Sources */,
				EFB774F625ED3DC000BF4B74 /* StoreAlertVC.swift in Sources */,
				EFA9824B25E81DA2002EB81E /* StoreBoldLabel.swift in Sources */,
				EFA9820325E7CA2C002EB81E /* Constants.swift in Sources */,
				EF8A6F9125E973E90029EB00 /* ProductsVC.swift in Sources */,
				EF8A6F8325E93FDF0029EB00 /* BasketVC.swift in Sources */,
				EFE6709F25EFEE6700FB16CD /* OrdersVCTableViewCell.swift in Sources */,
			);
			runOnlyForDeploymentPostprocessing = 0;
		};
/* End PBXSourcesBuildPhase section */

/* Begin PBXVariantGroup section */
		EF5ADCA825E6E2400029A3B9 /* LaunchScreen.storyboard */ = {
			isa = PBXVariantGroup;
			children = (
				EF5ADCA925E6E2400029A3B9 /* Base */,
			);
			name = LaunchScreen.storyboard;
			sourceTree = "<group>";
		};
/* End PBXVariantGroup section */

/* Begin XCBuildConfiguration section */
		EF5ADCAC25E6E2400029A3B9 /* Debug */ = {
			isa = XCBuildConfiguration;
			buildSettings = {
				ALWAYS_SEARCH_USER_PATHS = NO;
				CLANG_ANALYZER_NONNULL = YES;
				CLANG_ANALYZER_NUMBER_OBJECT_CONVERSION = YES_AGGRESSIVE;
				CLANG_CXX_LANGUAGE_STANDARD = "gnu++14";
				CLANG_CXX_LIBRARY = "libc++";
				CLANG_ENABLE_MODULES = YES;
				CLANG_ENABLE_OBJC_ARC = YES;
				CLANG_ENABLE_OBJC_WEAK = YES;
				CLANG_WARN_BLOCK_CAPTURE_AUTORELEASING = YES;
				CLANG_WARN_BOOL_CONVERSION = YES;
				CLANG_WARN_COMMA = YES;
				CLANG_WARN_CONSTANT_CONVERSION = YES;
				CLANG_WARN_DEPRECATED_OBJC_IMPLEMENTATIONS = YES;
				CLANG_WARN_DIRECT_OBJC_ISA_USAGE = YES_ERROR;
				CLANG_WARN_DOCUMENTATION_COMMENTS = YES;
				CLANG_WARN_EMPTY_BODY = YES;
				CLANG_WARN_ENUM_CONVERSION = YES;
				CLANG_WARN_INFINITE_RECURSION = YES;
				CLANG_WARN_INT_CONVERSION = YES;
				CLANG_WARN_NON_LITERAL_NULL_CONVERSION = YES;
				CLANG_WARN_OBJC_IMPLICIT_RETAIN_SELF = YES;
				CLANG_WARN_OBJC_LITERAL_CONVERSION = YES;
				CLANG_WARN_OBJC_ROOT_CLASS = YES_ERROR;
				CLANG_WARN_QUOTED_INCLUDE_IN_FRAMEWORK_HEADER = YES;
				CLANG_WARN_RANGE_LOOP_ANALYSIS = YES;
				CLANG_WARN_STRICT_PROTOTYPES = YES;
				CLANG_WARN_SUSPICIOUS_MOVE = YES;
				CLANG_WARN_UNGUARDED_AVAILABILITY = YES_AGGRESSIVE;
				CLANG_WARN_UNREACHABLE_CODE = YES;
				CLANG_WARN__DUPLICATE_METHOD_MATCH = YES;
				COPY_PHASE_STRIP = NO;
				DEBUG_INFORMATION_FORMAT = dwarf;
				ENABLE_STRICT_OBJC_MSGSEND = YES;
				ENABLE_TESTABILITY = YES;
				GCC_C_LANGUAGE_STANDARD = gnu11;
				GCC_DYNAMIC_NO_PIC = NO;
				GCC_NO_COMMON_BLOCKS = YES;
				GCC_OPTIMIZATION_LEVEL = 0;
				GCC_PREPROCESSOR_DEFINITIONS = (
					"DEBUG=1",
					"$(inherited)",
				);
				GCC_WARN_64_TO_32_BIT_CONVERSION = YES;
				GCC_WARN_ABOUT_RETURN_TYPE = YES_ERROR;
				GCC_WARN_UNDECLARED_SELECTOR = YES;
				GCC_WARN_UNINITIALIZED_AUTOS = YES_AGGRESSIVE;
				GCC_WARN_UNUSED_FUNCTION = YES;
				GCC_WARN_UNUSED_VARIABLE = YES;
				IPHONEOS_DEPLOYMENT_TARGET = 14.4;
				MTL_ENABLE_DEBUG_INFO = INCLUDE_SOURCE;
				MTL_FAST_MATH = YES;
				ONLY_ACTIVE_ARCH = YES;
				SDKROOT = iphoneos;
				SWIFT_ACTIVE_COMPILATION_CONDITIONS = DEBUG;
				SWIFT_OPTIMIZATION_LEVEL = "-Onone";
			};
			name = Debug;
		};
		EF5ADCAD25E6E2400029A3B9 /* Release */ = {
			isa = XCBuildConfiguration;
			buildSettings = {
				ALWAYS_SEARCH_USER_PATHS = NO;
				CLANG_ANALYZER_NONNULL = YES;
				CLANG_ANALYZER_NUMBER_OBJECT_CONVERSION = YES_AGGRESSIVE;
				CLANG_CXX_LANGUAGE_STANDARD = "gnu++14";
				CLANG_CXX_LIBRARY = "libc++";
				CLANG_ENABLE_MODULES = YES;
				CLANG_ENABLE_OBJC_ARC = YES;
				CLANG_ENABLE_OBJC_WEAK = YES;
				CLANG_WARN_BLOCK_CAPTURE_AUTORELEASING = YES;
				CLANG_WARN_BOOL_CONVERSION = YES;
				CLANG_WARN_COMMA = YES;
				CLANG_WARN_CONSTANT_CONVERSION = YES;
				CLANG_WARN_DEPRECATED_OBJC_IMPLEMENTATIONS = YES;
				CLANG_WARN_DIRECT_OBJC_ISA_USAGE = YES_ERROR;
				CLANG_WARN_DOCUMENTATION_COMMENTS = YES;
				CLANG_WARN_EMPTY_BODY = YES;
				CLANG_WARN_ENUM_CONVERSION = YES;
				CLANG_WARN_INFINITE_RECURSION = YES;
				CLANG_WARN_INT_CONVERSION = YES;
				CLANG_WARN_NON_LITERAL_NULL_CONVERSION = YES;
				CLANG_WARN_OBJC_IMPLICIT_RETAIN_SELF = YES;
				CLANG_WARN_OBJC_LITERAL_CONVERSION = YES;
				CLANG_WARN_OBJC_ROOT_CLASS = YES_ERROR;
				CLANG_WARN_QUOTED_INCLUDE_IN_FRAMEWORK_HEADER = YES;
				CLANG_WARN_RANGE_LOOP_ANALYSIS = YES;
				CLANG_WARN_STRICT_PROTOTYPES = YES;
				CLANG_WARN_SUSPICIOUS_MOVE = YES;
				CLANG_WARN_UNGUARDED_AVAILABILITY = YES_AGGRESSIVE;
				CLANG_WARN_UNREACHABLE_CODE = YES;
				CLANG_WARN__DUPLICATE_METHOD_MATCH = YES;
				COPY_PHASE_STRIP = NO;
				DEBUG_INFORMATION_FORMAT = "dwarf-with-dsym";
				ENABLE_NS_ASSERTIONS = NO;
				ENABLE_STRICT_OBJC_MSGSEND = YES;
				GCC_C_LANGUAGE_STANDARD = gnu11;
				GCC_NO_COMMON_BLOCKS = YES;
				GCC_WARN_64_TO_32_BIT_CONVERSION = YES;
				GCC_WARN_ABOUT_RETURN_TYPE = YES_ERROR;
				GCC_WARN_UNDECLARED_SELECTOR = YES;
				GCC_WARN_UNINITIALIZED_AUTOS = YES_AGGRESSIVE;
				GCC_WARN_UNUSED_FUNCTION = YES;
				GCC_WARN_UNUSED_VARIABLE = YES;
				IPHONEOS_DEPLOYMENT_TARGET = 14.4;
				MTL_ENABLE_DEBUG_INFO = NO;
				MTL_FAST_MATH = YES;
				SDKROOT = iphoneos;
				SWIFT_COMPILATION_MODE = wholemodule;
				SWIFT_OPTIMIZATION_LEVEL = "-O";
				VALIDATE_PRODUCT = YES;
			};
			name = Release;
		};
		EF5ADCAF25E6E2400029A3B9 /* Debug */ = {
			isa = XCBuildConfiguration;
			baseConfigurationReference = B822BAB2AB5D82D11BB5E987 /* Pods-OnlineGroceryStore.debug.xcconfig */;
			buildSettings = {
				ASSETCATALOG_COMPILER_APPICON_NAME = AppIcon;
				ASSETCATALOG_COMPILER_GLOBAL_ACCENT_COLOR_NAME = AccentColor;
				CODE_SIGN_STYLE = Automatic;
				DEVELOPMENT_TEAM = 9HHDDYFD2W;
				INFOPLIST_FILE = OnlineGroceryStore/Info.plist;
				LD_RUNPATH_SEARCH_PATHS = (
					"$(inherited)",
					"@executable_path/Frameworks",
				);
				PRODUCT_BUNDLE_IDENTIFIER = jmg.OnlineGroceryStore;
				PRODUCT_NAME = "$(TARGET_NAME)";
				SWIFT_VERSION = 5.0;
				TARGETED_DEVICE_FAMILY = "1,2";
			};
			name = Debug;
		};
		EF5ADCB025E6E2400029A3B9 /* Release */ = {
			isa = XCBuildConfiguration;
			baseConfigurationReference = C076D3161D3B6E059276D0ED /* Pods-OnlineGroceryStore.release.xcconfig */;
			buildSettings = {
				ASSETCATALOG_COMPILER_APPICON_NAME = AppIcon;
				ASSETCATALOG_COMPILER_GLOBAL_ACCENT_COLOR_NAME = AccentColor;
				CODE_SIGN_STYLE = Automatic;
				DEVELOPMENT_TEAM = 9HHDDYFD2W;
				INFOPLIST_FILE = OnlineGroceryStore/Info.plist;
				LD_RUNPATH_SEARCH_PATHS = (
					"$(inherited)",
					"@executable_path/Frameworks",
				);
				PRODUCT_BUNDLE_IDENTIFIER = jmg.OnlineGroceryStore;
				PRODUCT_NAME = "$(TARGET_NAME)";
				SWIFT_VERSION = 5.0;
				TARGETED_DEVICE_FAMILY = "1,2";
			};
			name = Release;
		};
/* End XCBuildConfiguration section */

/* Begin XCConfigurationList section */
		EF5ADC9525E6E2400029A3B9 /* Build configuration list for PBXProject "OnlineGroceryStore" */ = {
			isa = XCConfigurationList;
			buildConfigurations = (
				EF5ADCAC25E6E2400029A3B9 /* Debug */,
				EF5ADCAD25E6E2400029A3B9 /* Release */,
			);
			defaultConfigurationIsVisible = 0;
			defaultConfigurationName = Release;
		};
		EF5ADCAE25E6E2400029A3B9 /* Build configuration list for PBXNativeTarget "OnlineGroceryStore" */ = {
			isa = XCConfigurationList;
			buildConfigurations = (
				EF5ADCAF25E6E2400029A3B9 /* Debug */,
				EF5ADCB025E6E2400029A3B9 /* Release */,
			);
			defaultConfigurationIsVisible = 0;
			defaultConfigurationName = Release;
		};
/* End XCConfigurationList section */
	};
	rootObject = EF5ADC9225E6E2400029A3B9 /* Project object */;
}
