// !$*UTF8*$!
{
	archiveVersion = 1;
	classes = {
	};
	objectVersion = 50;
	objects = {

/* Begin PBXBuildFile section */
		EF5ADC9E25E6E2400029A3B9 /* AppDelegate.swift in Sources */ = {isa = PBXBuildFile; fileRef = EF5ADC9D25E6E2400029A3B9 /* AppDelegate.swift */; };
		EF5ADCA025E6E2400029A3B9 /* SceneDelegate.swift in Sources */ = {isa = PBXBuildFile; fileRef = EF5ADC9F25E6E2400029A3B9 /* SceneDelegate.swift */; };
		EF5ADCA225E6E2400029A3B9 /* ViewController.swift in Sources */ = {isa = PBXBuildFile; fileRef = EF5ADCA125E6E2400029A3B9 /* ViewController.swift */; };
		EF5ADCA525E6E2400029A3B9 /* Main.storyboard in Resources */ = {isa = PBXBuildFile; fileRef = EF5ADCA325E6E2400029A3B9 /* Main.storyboard */; };
		EF5ADCA725E6E2400029A3B9 /* Assets.xcassets in Resources */ = {isa = PBXBuildFile; fileRef = EF5ADCA625E6E2400029A3B9 /* Assets.xcassets */; };
		EF5ADCAA25E6E2400029A3B9 /* LaunchScreen.storyboard in Resources */ = {isa = PBXBuildFile; fileRef = EF5ADCA825E6E2400029A3B9 /* LaunchScreen.storyboard */; };
/* End PBXBuildFile section */

/* Begin PBXFileReference section */
		EF5ADC9A25E6E2400029A3B9 /* OnlineGroceryStore.app */ = {isa = PBXFileReference; explicitFileType = wrapper.application; includeInIndex = 0; path = OnlineGroceryStore.app; sourceTree = BUILT_PRODUCTS_DIR; };
		EF5ADC9D25E6E2400029A3B9 /* AppDelegate.swift */ = {isa = PBXFileReference; lastKnownFileType = sourcecode.swift; path = AppDelegate.swift; sourceTree = "<group>"; };
		EF5ADC9F25E6E2400029A3B9 /* SceneDelegate.swift */ = {isa = PBXFileReference; lastKnownFileType = sourcecode.swift; path = SceneDelegate.swift; sourceTree = "<group>"; };
		EF5ADCA125E6E2400029A3B9 /* ViewController.swift */ = {isa = PBXFileReference; lastKnownFileType = sourcecode.swift; path = ViewController.swift; sourceTree = "<group>"; };
		EF5ADCA425E6E2400029A3B9 /* Base */ = {isa = PBXFileReference; lastKnownFileType = file.storyboard; name = Base; path = Base.lproj/Main.storyboard; sourceTree = "<group>"; };
		EF5ADCA625E6E2400029A3B9 /* Assets.xcassets */ = {isa = PBXFileReference; lastKnownFileType = folder.assetcatalog; path = Assets.xcassets; sourceTree = "<group>"; };
		EF5ADCA925E6E2400029A3B9 /* Base */ = {isa = PBXFileReference; lastKnownFileType = file.storyboard; name = Base; path = Base.lproj/LaunchScreen.storyboard; sourceTree = "<group>"; };
		EF5ADCAB25E6E2400029A3B9 /* Info.plist */ = {isa = PBXFileReference; lastKnownFileType = text.plist.xml; path = Info.plist; sourceTree = "<group>"; };
/* End PBXFileReference section */

/* Begin PBXFrameworksBuildPhase section */
		EF5ADC9725E6E2400029A3B9 /* Frameworks */ = {
			isa = PBXFrameworksBuildPhase;
			buildActionMask = 2147483647;
			files = (
			);
			runOnlyForDeploymentPostprocessing = 0;
		};
/* End PBXFrameworksBuildPhase section */

/* Begin PBXGroup section */
		EF5ADC9125E6E2400029A3B9 = {
			isa = PBXGroup;
			children = (
				EF5ADC9C25E6E2400029A3B9 /* OnlineGroceryStore */,
				EF5ADC9B25E6E2400029A3B9 /* Products */,
			);
			sourceTree = "<group>";
		};
		EF5ADC9B25E6E2400029A3B9 /* Products */ = {
			isa = PBXGroup;
			children = (
				EF5ADC9A25E6E2400029A3B9 /* OnlineGroceryStore.app */,
			);
			name = Products;
			sourceTree = "<group>";
		};
		EF5ADC9C25E6E2400029A3B9 /* OnlineGroceryStore */ = {
			isa = PBXGroup;
			children = (
				EF5ADC9D25E6E2400029A3B9 /* AppDelegate.swift */,
				EF5ADC9F25E6E2400029A3B9 /* SceneDelegate.swift */,
				EF5ADCA125E6E2400029A3B9 /* ViewController.swift */,
				EF5ADCA325E6E2400029A3B9 /* Main.storyboard */,
				EF5ADCA625E6E2400029A3B9 /* Assets.xcassets */,
				EF5ADCA825E6E2400029A3B9 /* LaunchScreen.storyboard */,
				EF5ADCAB25E6E2400029A3B9 /* Info.plist */,
			);
			path = OnlineGroceryStore;
			sourceTree = "<group>";
		};
/* End PBXGroup section */

/* Begin PBXNativeTarget section */
		EF5ADC9925E6E2400029A3B9 /* OnlineGroceryStore */ = {
			isa = PBXNativeTarget;
			buildConfigurationList = EF5ADCAE25E6E2400029A3B9 /* Build configuration list for PBXNativeTarget "OnlineGroceryStore" */;
			buildPhases = (
				EF5ADC9625E6E2400029A3B9 /* Sources */,
				EF5ADC9725E6E2400029A3B9 /* Frameworks */,
				EF5ADC9825E6E2400029A3B9 /* Resources */,
			);
			buildRules = (
			);
			dependencies = (
			);
			name = OnlineGroceryStore;
			productName = OnlineGroceryStore;
			productReference = EF5ADC9A25E6E2400029A3B9 /* OnlineGroceryStore.app */;
			productType = "com.apple.product-type.application";
		};
/* End PBXNativeTarget section */

/* Begin PBXProject section */
		EF5ADC9225E6E2400029A3B9 /* Project object */ = {
			isa = PBXProject;
			attributes = {
				LastSwiftUpdateCheck = 1240;
				LastUpgradeCheck = 1240;
				TargetAttributes = {
					EF5ADC9925E6E2400029A3B9 = {
						CreatedOnToolsVersion = 12.4;
					};
				};
			};
			buildConfigurationList = EF5ADC9525E6E2400029A3B9 /* Build configuration list for PBXProject "OnlineGroceryStore" */;
			compatibilityVersion = "Xcode 9.3";
			developmentRegion = en;
			hasScannedForEncodings = 0;
			knownRegions = (
				en,
				Base,
			);
			mainGroup = EF5ADC9125E6E2400029A3B9;
			productRefGroup = EF5ADC9B25E6E2400029A3B9 /* Products */;
			projectDirPath = "";
			projectRoot = "";
			targets = (
				EF5ADC9925E6E2400029A3B9 /* OnlineGroceryStore */,
			);
		};
/* End PBXProject section */

/* Begin PBXResourcesBuildPhase section */
		EF5ADC9825E6E2400029A3B9 /* Resources */ = {
			isa = PBXResourcesBuildPhase;
			buildActionMask = 2147483647;
			files = (
				EF5ADCAA25E6E2400029A3B9 /* LaunchScreen.storyboard in Resources */,
				EF5ADCA725E6E2400029A3B9 /* Assets.xcassets in Resources */,
				EF5ADCA525E6E2400029A3B9 /* Main.storyboard in Resources */,
			);
			runOnlyForDeploymentPostprocessing = 0;
		};
/* End PBXResourcesBuildPhase section */

/* Begin PBXSourcesBuildPhase section */
		EF5ADC9625E6E2400029A3B9 /* Sources */ = {
			isa = PBXSourcesBuildPhase;
			buildActionMask = 2147483647;
			files = (
				EF5ADCA225E6E2400029A3B9 /* ViewController.swift in Sources */,
				EF5ADC9E25E6E2400029A3B9 /* AppDelegate.swift in Sources */,
				EF5ADCA025E6E2400029A3B9 /* SceneDelegate.swift in Sources */,
			);
			runOnlyForDeploymentPostprocessing = 0;
		};
/* End PBXSourcesBuildPhase section */

/* Begin PBXVariantGroup section */
		EF5ADCA325E6E2400029A3B9 /* Main.storyboard */ = {
			isa = PBXVariantGroup;
			children = (
				EF5ADCA425E6E2400029A3B9 /* Base */,
			);
			name = Main.storyboard;
			sourceTree = "<group>";
		};
		EF5ADCA825E6E2400029A3B9 /* LaunchScreen.storyboard */ = {
			isa = PBXVariantGroup;
			children = (
				EF5ADCA925E6E2400029A3B9 /* Base */,
			);
			name = LaunchScreen.storyboard;
			sourceTree = "<group>";
		};
/* End PBXVariantGroup section */

/* Begin XCBuildConfiguration section */
		EF5ADCAC25E6E2400029A3B9 /* Debug */ = {
			isa = XCBuildConfiguration;
			buildSettings = {
				ALWAYS_SEARCH_USER_PATHS = NO;
				CLANG_ANALYZER_NONNULL = YES;
				CLANG_ANALYZER_NUMBER_OBJECT_CONVERSION = YES_AGGRESSIVE;
				CLANG_CXX_LANGUAGE_STANDARD = "gnu++14";
				CLANG_CXX_LIBRARY = "libc++";
				CLANG_ENABLE_MODULES = YES;
				CLANG_ENABLE_OBJC_ARC = YES;
				CLANG_ENABLE_OBJC_WEAK = YES;
				CLANG_WARN_BLOCK_CAPTURE_AUTORELEASING = YES;
				CLANG_WARN_BOOL_CONVERSION = YES;
				CLANG_WARN_COMMA = YES;
				CLANG_WARN_CONSTANT_CONVERSION = YES;
				CLANG_WARN_DEPRECATED_OBJC_IMPLEMENTATIONS = YES;
				CLANG_WARN_DIRECT_OBJC_ISA_USAGE = YES_ERROR;
				CLANG_WARN_DOCUMENTATION_COMMENTS = YES;
				CLANG_WARN_EMPTY_BODY = YES;
				CLANG_WARN_ENUM_CONVERSION = YES;
				CLANG_WARN_INFINITE_RECURSION = YES;
				CLANG_WARN_INT_CONVERSION = YES;
				CLANG_WARN_NON_LITERAL_NULL_CONVERSION = YES;
				CLANG_WARN_OBJC_IMPLICIT_RETAIN_SELF = YES;
				CLANG_WARN_OBJC_LITERAL_CONVERSION = YES;
				CLANG_WARN_OBJC_ROOT_CLASS = YES_ERROR;
				CLANG_WARN_QUOTED_INCLUDE_IN_FRAMEWORK_HEADER = YES;
				CLANG_WARN_RANGE_LOOP_ANALYSIS = YES;
				CLANG_WARN_STRICT_PROTOTYPES = YES;
				CLANG_WARN_SUSPICIOUS_MOVE = YES;
				CLANG_WARN_UNGUARDED_AVAILABILITY = YES_AGGRESSIVE;
				CLANG_WARN_UNREACHABLE_CODE = YES;
				CLANG_WARN__DUPLICATE_METHOD_MATCH = YES;
				COPY_PHASE_STRIP = NO;
				DEBUG_INFORMATION_FORMAT = dwarf;
				ENABLE_STRICT_OBJC_MSGSEND = YES;
				ENABLE_TESTABILITY = YES;
				GCC_C_LANGUAGE_STANDARD = gnu11;
				GCC_DYNAMIC_NO_PIC = NO;
				GCC_NO_COMMON_BLOCKS = YES;
				GCC_OPTIMIZATION_LEVEL = 0;
				GCC_PREPROCESSOR_DEFINITIONS = (
					"DEBUG=1",
					"$(inherited)",
				);
				GCC_WARN_64_TO_32_BIT_CONVERSION = YES;
				GCC_WARN_ABOUT_RETURN_TYPE = YES_ERROR;
				GCC_WARN_UNDECLARED_SELECTOR = YES;
				GCC_WARN_UNINITIALIZED_AUTOS = YES_AGGRESSIVE;
				GCC_WARN_UNUSED_FUNCTION = YES;
				GCC_WARN_UNUSED_VARIABLE = YES;
				IPHONEOS_DEPLOYMENT_TARGET = 14.4;
				MTL_ENABLE_DEBUG_INFO = INCLUDE_SOURCE;
				MTL_FAST_MATH = YES;
				ONLY_ACTIVE_ARCH = YES;
				SDKROOT = iphoneos;
				SWIFT_ACTIVE_COMPILATION_CONDITIONS = DEBUG;
				SWIFT_OPTIMIZATION_LEVEL = "-Onone";
			};
			name = Debug;
		};
		EF5ADCAD25E6E2400029A3B9 /* Release */ = {
			isa = XCBuildConfiguration;
			buildSettings = {
				ALWAYS_SEARCH_USER_PATHS = NO;
				CLANG_ANALYZER_NONNULL = YES;
				CLANG_ANALYZER_NUMBER_OBJECT_CONVERSION = YES_AGGRESSIVE;
				CLANG_CXX_LANGUAGE_STANDARD = "gnu++14";
				CLANG_CXX_LIBRARY = "libc++";
				CLANG_ENABLE_MODULES = YES;
				CLANG_ENABLE_OBJC_ARC = YES;
				CLANG_ENABLE_OBJC_WEAK = YES;
				CLANG_WARN_BLOCK_CAPTURE_AUTORELEASING = YES;
				CLANG_WARN_BOOL_CONVERSION = YES;
				CLANG_WARN_COMMA = YES;
				CLANG_WARN_CONSTANT_CONVERSION = YES;
				CLANG_WARN_DEPRECATED_OBJC_IMPLEMENTATIONS = YES;
				CLANG_WARN_DIRECT_OBJC_ISA_USAGE = YES_ERROR;
				CLANG_WARN_DOCUMENTATION_COMMENTS = YES;
				CLANG_WARN_EMPTY_BODY = YES;
				CLANG_WARN_ENUM_CONVERSION = YES;
				CLANG_WARN_INFINITE_RECURSION = YES;
				CLANG_WARN_INT_CONVERSION = YES;
				CLANG_WARN_NON_LITERAL_NULL_CONVERSION = YES;
				CLANG_WARN_OBJC_IMPLICIT_RETAIN_SELF = YES;
				CLANG_WARN_OBJC_LITERAL_CONVERSION = YES;
				CLANG_WARN_OBJC_ROOT_CLASS = YES_ERROR;
				CLANG_WARN_QUOTED_INCLUDE_IN_FRAMEWORK_HEADER = YES;
				CLANG_WARN_RANGE_LOOP_ANALYSIS = YES;
				CLANG_WARN_STRICT_PROTOTYPES = YES;
				CLANG_WARN_SUSPICIOUS_MOVE = YES;
				CLANG_WARN_UNGUARDED_AVAILABILITY = YES_AGGRESSIVE;
				CLANG_WARN_UNREACHABLE_CODE = YES;
				CLANG_WARN__DUPLICATE_METHOD_MATCH = YES;
				COPY_PHASE_STRIP = NO;
				DEBUG_INFORMATION_FORMAT = "dwarf-with-dsym";
				ENABLE_NS_ASSERTIONS = NO;
				ENABLE_STRICT_OBJC_MSGSEND = YES;
				GCC_C_LANGUAGE_STANDARD = gnu11;
				GCC_NO_COMMON_BLOCKS = YES;
				GCC_WARN_64_TO_32_BIT_CONVERSION = YES;
				GCC_WARN_ABOUT_RETURN_TYPE = YES_ERROR;
				GCC_WARN_UNDECLARED_SELECTOR = YES;
				GCC_WARN_UNINITIALIZED_AUTOS = YES_AGGRESSIVE;
				GCC_WARN_UNUSED_FUNCTION = YES;
				GCC_WARN_UNUSED_VARIABLE = YES;
				IPHONEOS_DEPLOYMENT_TARGET = 14.4;
				MTL_ENABLE_DEBUG_INFO = NO;
				MTL_FAST_MATH = YES;
				SDKROOT = iphoneos;
				SWIFT_COMPILATION_MODE = wholemodule;
				SWIFT_OPTIMIZATION_LEVEL = "-O";
				VALIDATE_PRODUCT = YES;
			};
			name = Release;
		};
		EF5ADCAF25E6E2400029A3B9 /* Debug */ = {
			isa = XCBuildConfiguration;
			buildSettings = {
				ASSETCATALOG_COMPILER_APPICON_NAME = AppIcon;
				ASSETCATALOG_COMPILER_GLOBAL_ACCENT_COLOR_NAME = AccentColor;
				CODE_SIGN_STYLE = Automatic;
				DEVELOPMENT_TEAM = 9HHDDYFD2W;
				INFOPLIST_FILE = OnlineGroceryStore/Info.plist;
				LD_RUNPATH_SEARCH_PATHS = (
					"$(inherited)",
					"@executable_path/Frameworks",
				);
				PRODUCT_BUNDLE_IDENTIFIER = jmg.OnlineGroceryStore;
				PRODUCT_NAME = "$(TARGET_NAME)";
				SWIFT_VERSION = 5.0;
				TARGETED_DEVICE_FAMILY = "1,2";
			};
			name = Debug;
		};
		EF5ADCB025E6E2400029A3B9 /* Release */ = {
			isa = XCBuildConfiguration;
			buildSettings = {
				ASSETCATALOG_COMPILER_APPICON_NAME = AppIcon;
				ASSETCATALOG_COMPILER_GLOBAL_ACCENT_COLOR_NAME = AccentColor;
				CODE_SIGN_STYLE = Automatic;
				DEVELOPMENT_TEAM = 9HHDDYFD2W;
				INFOPLIST_FILE = OnlineGroceryStore/Info.plist;
				LD_RUNPATH_SEARCH_PATHS = (
					"$(inherited)",
					"@executable_path/Frameworks",
				);
				PRODUCT_BUNDLE_IDENTIFIER = jmg.OnlineGroceryStore;
				PRODUCT_NAME = "$(TARGET_NAME)";
				SWIFT_VERSION = 5.0;
				TARGETED_DEVICE_FAMILY = "1,2";
			};
			name = Release;
		};
/* End XCBuildConfiguration section */

/* Begin XCConfigurationList section */
		EF5ADC9525E6E2400029A3B9 /* Build configuration list for PBXProject "OnlineGroceryStore" */ = {
			isa = XCConfigurationList;
			buildConfigurations = (
				EF5ADCAC25E6E2400029A3B9 /* Debug */,
				EF5ADCAD25E6E2400029A3B9 /* Release */,
			);
			defaultConfigurationIsVisible = 0;
			defaultConfigurationName = Release;
		};
		EF5ADCAE25E6E2400029A3B9 /* Build configuration list for PBXNativeTarget "OnlineGroceryStore" */ = {
			isa = XCConfigurationList;
			buildConfigurations = (
				EF5ADCAF25E6E2400029A3B9 /* Debug */,
				EF5ADCB025E6E2400029A3B9 /* Release */,
			);
			defaultConfigurationIsVisible = 0;
			defaultConfigurationName = Release;
		};
/* End XCConfigurationList section */
	};
	rootObject = EF5ADC9225E6E2400029A3B9 /* Project object */;
}
